
Microsoft Visual Studio Solution File, Format Version 12.00
# Visual Studio 14
VisualStudioVersion = 14.0.25420.1
MinimumVisualStudioVersion = 10.0.40219.1
Project("{FAE04EC0-301F-11D3-BF4B-00C04F79EFBC}") = "DirCopierApp", "DirCopierApp\DirCopierApp.csproj", "{C1C5FAF8-6022-4F78-AB34-E45BF80064D7}"
EndProject
Project("{FAE04EC0-301F-11D3-BF4B-00C04F79EFBC}") = "DirectoryCopierLib", "DirectoryCopierLib\DirectoryCopierLib.csproj", "{DFB7C5E4-7CB5-42E6-A5D3-685E224214E2}"
EndProject
Global
	GlobalSection(SolutionConfigurationPlatforms) = preSolution
		Debug|Any CPU = Debug|Any CPU
		Release|Any CPU = Release|Any CPU
	EndGlobalSection
	GlobalSection(ProjectConfigurationPlatforms) = postSolution
		{C1C5FAF8-6022-4F78-AB34-E45BF80064D7}.Debug|Any CPU.ActiveCfg = Debug|Any CPU
		{C1C5FAF8-6022-4F78-AB34-E45BF80064D7}.Debug|Any CPU.Build.0 = Debug|Any CPU
		{C1C5FAF8-6022-4F78-AB34-E45BF80064D7}.Release|Any CPU.ActiveCfg = Release|Any CPU
		{C1C5FAF8-6022-4F78-AB34-E45BF80064D7}.Release|Any CPU.Build.0 = Release|Any CPU
		{DFB7C5E4-7CB5-42E6-A5D3-685E224214E2}.Debug|Any CPU.ActiveCfg = Debug|Any CPU
		{DFB7C5E4-7CB5-42E6-A5D3-685E224214E2}.Debug|Any CPU.Build.0 = Debug|Any CPU
		{DFB7C5E4-7CB5-42E6-A5D3-685E224214E2}.Release|Any CPU.ActiveCfg = Release|Any CPU
		{DFB7C5E4-7CB5-42E6-A5D3-685E224214E2}.Release|Any CPU.Build.0 = Release|Any CPU
	EndGlobalSection
	GlobalSection(SolutionProperties) = preSolution
		HideSolutionNode = FALSE
	EndGlobalSection
EndGlobal
